
Microsoft Visual Studio Solution File, Format Version 12.00
# Visual Studio Version 16
VisualStudioVersion = 16.0.30503.244
MinimumVisualStudioVersion = 10.0.40219.1
Project("{FAE04EC0-301F-11D3-BF4B-00C04F79EFBC}") = "App01_ConsultarCep.UWP", "App01_ConsultarCep.UWP\App01_ConsultarCep.UWP.csproj", "{0E562E9A-EAC1-4EF7-B5A1-C67A53BF7283}"
EndProject
Project("{FAE04EC0-301F-11D3-BF4B-00C04F79EFBC}") = "App01_ConsultarCep.Android", "App01_ConsultarCep.Android\App01_ConsultarCep.Android.csproj", "{F14086C8-FCD5-4FC3-B56B-B95F95B2ACF4}"
EndProject
Project("{FAE04EC0-301F-11D3-BF4B-00C04F79EFBC}") = "App01_ConsultarCep.iOS", "App01_ConsultarCep.iOS\App01_ConsultarCep.iOS.csproj", "{625BE6EE-9F19-4D60-AD3B-7E3E75BFC4AA}"
EndProject
Project("{9A19103F-16F7-4668-BE54-9A1E7A4F7556}") = "App01_ConsultarCep", "App01_ConsultarCep\App01_ConsultarCep.csproj", "{5DC5FFE0-83CE-42B8-993B-0E50F9292D74}"
EndProject
Project("{2150E333-8FDC-42A3-9474-1A3956D46DE8}") = "Solution Items", "Solution Items", "{64E837F8-25A3-42AE-AE36-F56E5E12FD11}"
	ProjectSection(SolutionItems) = preProject
		.editorconfig = .editorconfig
	EndProjectSection
EndProject
Global
	GlobalSection(SolutionConfigurationPlatforms) = preSolution
		Debug|Any CPU = Debug|Any CPU
		Debug|ARM = Debug|ARM
		Debug|iPhone = Debug|iPhone
		Debug|iPhoneSimulator = Debug|iPhoneSimulator
		Debug|x64 = Debug|x64
		Debug|x86 = Debug|x86
		Release|Any CPU = Release|Any CPU
		Release|ARM = Release|ARM
		Release|iPhone = Release|iPhone
		Release|iPhoneSimulator = Release|iPhoneSimulator
		Release|x64 = Release|x64
		Release|x86 = Release|x86
	EndGlobalSection
	GlobalSection(ProjectConfigurationPlatforms) = postSolution
		{0E562E9A-EAC1-4EF7-B5A1-C67A53BF7283}.Debug|Any CPU.ActiveCfg = Debug|x86
		{0E562E9A-EAC1-4EF7-B5A1-C67A53BF7283}.Debug|Any CPU.Build.0 = Debug|x86
		{0E562E9A-EAC1-4EF7-B5A1-C67A53BF7283}.Debug|Any CPU.Deploy.0 = Debug|x86
		{0E562E9A-EAC1-4EF7-B5A1-C67A53BF7283}.Debug|ARM.ActiveCfg = Debug|ARM
		{0E562E9A-EAC1-4EF7-B5A1-C67A53BF7283}.Debug|ARM.Build.0 = Debug|ARM
		{0E562E9A-EAC1-4EF7-B5A1-C67A53BF7283}.Debug|ARM.Deploy.0 = Debug|ARM
		{0E562E9A-EAC1-4EF7-B5A1-C67A53BF7283}.Debug|iPhone.ActiveCfg = Debug|x86
		{0E562E9A-EAC1-4EF7-B5A1-C67A53BF7283}.Debug|iPhone.Build.0 = Debug|x86
		{0E562E9A-EAC1-4EF7-B5A1-C67A53BF7283}.Debug|iPhone.Deploy.0 = Debug|x86
		{0E562E9A-EAC1-4EF7-B5A1-C67A53BF7283}.Debug|iPhoneSimulator.ActiveCfg = Debug|x86
		{0E562E9A-EAC1-4EF7-B5A1-C67A53BF7283}.Debug|iPhoneSimulator.Build.0 = Debug|x86
		{0E562E9A-EAC1-4EF7-B5A1-C67A53BF7283}.Debug|iPhoneSimulator.Deploy.0 = Debug|x86
		{0E562E9A-EAC1-4EF7-B5A1-C67A53BF7283}.Debug|x64.ActiveCfg = Debug|x64
		{0E562E9A-EAC1-4EF7-B5A1-C67A53BF7283}.Debug|x64.Build.0 = Debug|x64
		{0E562E9A-EAC1-4EF7-B5A1-C67A53BF7283}.Debug|x64.Deploy.0 = Debug|x64
		{0E562E9A-EAC1-4EF7-B5A1-C67A53BF7283}.Debug|x86.ActiveCfg = Debug|x86
		{0E562E9A-EAC1-4EF7-B5A1-C67A53BF7283}.Debug|x86.Build.0 = Debug|x86
		{0E562E9A-EAC1-4EF7-B5A1-C67A53BF7283}.Debug|x86.Deploy.0 = Debug|x86
		{0E562E9A-EAC1-4EF7-B5A1-C67A53BF7283}.Release|Any CPU.ActiveCfg = Release|x86
		{0E562E9A-EAC1-4EF7-B5A1-C67A53BF7283}.Release|Any CPU.Build.0 = Release|x86
		{0E562E9A-EAC1-4EF7-B5A1-C67A53BF7283}.Release|Any CPU.Deploy.0 = Release|x86
		{0E562E9A-EAC1-4EF7-B5A1-C67A53BF7283}.Release|ARM.ActiveCfg = Release|ARM
		{0E562E9A-EAC1-4EF7-B5A1-C67A53BF7283}.Release|ARM.Build.0 = Release|ARM
		{0E562E9A-EAC1-4EF7-B5A1-C67A53BF7283}.Release|ARM.Deploy.0 = Release|ARM
		{0E562E9A-EAC1-4EF7-B5A1-C67A53BF7283}.Release|iPhone.ActiveCfg = Release|x86
		{0E562E9A-EAC1-4EF7-B5A1-C67A53BF7283}.Release|iPhone.Build.0 = Release|x86
		{0E562E9A-EAC1-4EF7-B5A1-C67A53BF7283}.Release|iPhone.Deploy.0 = Release|x86
		{0E562E9A-EAC1-4EF7-B5A1-C67A53BF7283}.Release|iPhoneSimulator.ActiveCfg = Release|x86
		{0E562E9A-EAC1-4EF7-B5A1-C67A53BF7283}.Release|iPhoneSimulator.Build.0 = Release|x86
		{0E562E9A-EAC1-4EF7-B5A1-C67A53BF7283}.Release|iPhoneSimulator.Deploy.0 = Release|x86
		{0E562E9A-EAC1-4EF7-B5A1-C67A53BF7283}.Release|x64.ActiveCfg = Release|x64
		{0E562E9A-EAC1-4EF7-B5A1-C67A53BF7283}.Release|x64.Build.0 = Release|x64
		{0E562E9A-EAC1-4EF7-B5A1-C67A53BF7283}.Release|x64.Deploy.0 = Release|x64
		{0E562E9A-EAC1-4EF7-B5A1-C67A53BF7283}.Release|x86.ActiveCfg = Release|x86
		{0E562E9A-EAC1-4EF7-B5A1-C67A53BF7283}.Release|x86.Build.0 = Release|x86
		{0E562E9A-EAC1-4EF7-B5A1-C67A53BF7283}.Release|x86.Deploy.0 = Release|x86
		{F14086C8-FCD5-4FC3-B56B-B95F95B2ACF4}.Debug|Any CPU.ActiveCfg = Debug|Any CPU
		{F14086C8-FCD5-4FC3-B56B-B95F95B2ACF4}.Debug|Any CPU.Build.0 = Debug|Any CPU
		{F14086C8-FCD5-4FC3-B56B-B95F95B2ACF4}.Debug|Any CPU.Deploy.0 = Debug|Any CPU
		{F14086C8-FCD5-4FC3-B56B-B95F95B2ACF4}.Debug|ARM.ActiveCfg = Debug|Any CPU
		{F14086C8-FCD5-4FC3-B56B-B95F95B2ACF4}.Debug|ARM.Build.0 = Debug|Any CPU
		{F14086C8-FCD5-4FC3-B56B-B95F95B2ACF4}.Debug|ARM.Deploy.0 = Debug|Any CPU
		{F14086C8-FCD5-4FC3-B56B-B95F95B2ACF4}.Debug|iPhone.ActiveCfg = Debug|Any CPU
		{F14086C8-FCD5-4FC3-B56B-B95F95B2ACF4}.Debug|iPhone.Build.0 = Debug|Any CPU
		{F14086C8-FCD5-4FC3-B56B-B95F95B2ACF4}.Debug|iPhone.Deploy.0 = Debug|Any CPU
		{F14086C8-FCD5-4FC3-B56B-B95F95B2ACF4}.Debug|iPhoneSimulator.ActiveCfg = Debug|Any CPU
		{F14086C8-FCD5-4FC3-B56B-B95F95B2ACF4}.Debug|iPhoneSimulator.Build.0 = Debug|Any CPU
		{F14086C8-FCD5-4FC3-B56B-B95F95B2ACF4}.Debug|iPhoneSimulator.Deploy.0 = Debug|Any CPU
		{F14086C8-FCD5-4FC3-B56B-B95F95B2ACF4}.Debug|x64.ActiveCfg = Debug|Any CPU
		{F14086C8-FCD5-4FC3-B56B-B95F95B2ACF4}.Debug|x64.Build.0 = Debug|Any CPU
		{F14086C8-FCD5-4FC3-B56B-B95F95B2ACF4}.Debug|x64.Deploy.0 = Debug|Any CPU
		{F14086C8-FCD5-4FC3-B56B-B95F95B2ACF4}.Debug|x86.ActiveCfg = Debug|Any CPU
		{F14086C8-FCD5-4FC3-B56B-B95F95B2ACF4}.Debug|x86.Build.0 = Debug|Any CPU
		{F14086C8-FCD5-4FC3-B56B-B95F95B2ACF4}.Debug|x86.Deploy.0 = Debug|Any CPU
		{F14086C8-FCD5-4FC3-B56B-B95F95B2ACF4}.Release|Any CPU.ActiveCfg = Release|Any CPU
		{F14086C8-FCD5-4FC3-B56B-B95F95B2ACF4}.Release|Any CPU.Build.0 = Release|Any CPU
		{F14086C8-FCD5-4FC3-B56B-B95F95B2ACF4}.Release|Any CPU.Deploy.0 = Release|Any CPU
		{F14086C8-FCD5-4FC3-B56B-B95F95B2ACF4}.Release|ARM.ActiveCfg = Release|Any CPU
		{F14086C8-FCD5-4FC3-B56B-B95F95B2ACF4}.Release|ARM.Build.0 = Release|Any CPU
		{F14086C8-FCD5-4FC3-B56B-B95F95B2ACF4}.Release|ARM.Deploy.0 = Release|Any CPU
		{F14086C8-FCD5-4FC3-B56B-B95F95B2ACF4}.Release|iPhone.ActiveCfg = Release|Any CPU
		{F14086C8-FCD5-4FC3-B56B-B95F95B2ACF4}.Release|iPhone.Build.0 = Release|Any CPU
		{F14086C8-FCD5-4FC3-B56B-B95F95B2ACF4}.Release|iPhone.Deploy.0 = Release|Any CPU
		{F14086C8-FCD5-4FC3-B56B-B95F95B2ACF4}.Release|iPhoneSimulator.ActiveCfg = Release|Any CPU
		{F14086C8-FCD5-4FC3-B56B-B95F95B2ACF4}.Release|iPhoneSimulator.Build.0 = Release|Any CPU
		{F14086C8-FCD5-4FC3-B56B-B95F95B2ACF4}.Release|iPhoneSimulator.Deploy.0 = Release|Any CPU
		{F14086C8-FCD5-4FC3-B56B-B95F95B2ACF4}.Release|x64.ActiveCfg = Release|Any CPU
		{F14086C8-FCD5-4FC3-B56B-B95F95B2ACF4}.Release|x64.Build.0 = Release|Any CPU
		{F14086C8-FCD5-4FC3-B56B-B95F95B2ACF4}.Release|x64.Deploy.0 = Release|Any CPU
		{F14086C8-FCD5-4FC3-B56B-B95F95B2ACF4}.Release|x86.ActiveCfg = Release|Any CPU
		{F14086C8-FCD5-4FC3-B56B-B95F95B2ACF4}.Release|x86.Build.0 = Release|Any CPU
		{F14086C8-FCD5-4FC3-B56B-B95F95B2ACF4}.Release|x86.Deploy.0 = Release|Any CPU
		{625BE6EE-9F19-4D60-AD3B-7E3E75BFC4AA}.Debug|Any CPU.ActiveCfg = Debug|iPhoneSimulator
		{625BE6EE-9F19-4D60-AD3B-7E3E75BFC4AA}.Debug|Any CPU.Build.0 = Debug|iPhoneSimulator
		{625BE6EE-9F19-4D60-AD3B-7E3E75BFC4AA}.Debug|Any CPU.Deploy.0 = Debug|iPhoneSimulator
		{625BE6EE-9F19-4D60-AD3B-7E3E75BFC4AA}.Debug|ARM.ActiveCfg = Debug|iPhone
		{625BE6EE-9F19-4D60-AD3B-7E3E75BFC4AA}.Debug|ARM.Build.0 = Debug|iPhone
		{625BE6EE-9F19-4D60-AD3B-7E3E75BFC4AA}.Debug|ARM.Deploy.0 = Debug|iPhone
		{625BE6EE-9F19-4D60-AD3B-7E3E75BFC4AA}.Debug|iPhone.ActiveCfg = Debug|iPhone
		{625BE6EE-9F19-4D60-AD3B-7E3E75BFC4AA}.Debug|iPhone.Build.0 = Debug|iPhone
		{625BE6EE-9F19-4D60-AD3B-7E3E75BFC4AA}.Debug|iPhone.Deploy.0 = Debug|iPhone
		{625BE6EE-9F19-4D60-AD3B-7E3E75BFC4AA}.Debug|iPhoneSimulator.ActiveCfg = Debug|iPhoneSimulator
		{625BE6EE-9F19-4D60-AD3B-7E3E75BFC4AA}.Debug|iPhoneSimulator.Build.0 = Debug|iPhoneSimulator
		{625BE6EE-9F19-4D60-AD3B-7E3E75BFC4AA}.Debug|iPhoneSimulator.Deploy.0 = Debug|iPhoneSimulator
		{625BE6EE-9F19-4D60-AD3B-7E3E75BFC4AA}.Debug|x64.ActiveCfg = Debug|iPhoneSimulator
		{625BE6EE-9F19-4D60-AD3B-7E3E75BFC4AA}.Debug|x64.Build.0 = Debug|iPhoneSimulator
		{625BE6EE-9F19-4D60-AD3B-7E3E75BFC4AA}.Debug|x64.Deploy.0 = Debug|iPhoneSimulator
		{625BE6EE-9F19-4D60-AD3B-7E3E75BFC4AA}.Debug|x86.ActiveCfg = Debug|iPhoneSimulator
		{625BE6EE-9F19-4D60-AD3B-7E3E75BFC4AA}.Debug|x86.Build.0 = Debug|iPhoneSimulator
		{625BE6EE-9F19-4D60-AD3B-7E3E75BFC4AA}.Debug|x86.Deploy.0 = Debug|iPhoneSimulator
		{625BE6EE-9F19-4D60-AD3B-7E3E75BFC4AA}.Release|Any CPU.ActiveCfg = Release|iPhoneSimulator
		{625BE6EE-9F19-4D60-AD3B-7E3E75BFC4AA}.Release|Any CPU.Build.0 = Release|iPhoneSimulator
		{625BE6EE-9F19-4D60-AD3B-7E3E75BFC4AA}.Release|Any CPU.Deploy.0 = Release|iPhoneSimulator
		{625BE6EE-9F19-4D60-AD3B-7E3E75BFC4AA}.Release|ARM.ActiveCfg = Release|iPhoneSimulator
		{625BE6EE-9F19-4D60-AD3B-7E3E75BFC4AA}.Release|ARM.Build.0 = Release|iPhoneSimulator
		{625BE6EE-9F19-4D60-AD3B-7E3E75BFC4AA}.Release|ARM.Deploy.0 = Release|iPhoneSimulator
		{625BE6EE-9F19-4D60-AD3B-7E3E75BFC4AA}.Release|iPhone.ActiveCfg = Release|iPhone
		{625BE6EE-9F19-4D60-AD3B-7E3E75BFC4AA}.Release|iPhone.Build.0 = Release|iPhone
		{625BE6EE-9F19-4D60-AD3B-7E3E75BFC4AA}.Release|iPhone.Deploy.0 = Release|iPhone
		{625BE6EE-9F19-4D60-AD3B-7E3E75BFC4AA}.Release|iPhoneSimulator.ActiveCfg = Release|iPhoneSimulator
		{625BE6EE-9F19-4D60-AD3B-7E3E75BFC4AA}.Release|iPhoneSimulator.Build.0 = Release|iPhoneSimulator
		{625BE6EE-9F19-4D60-AD3B-7E3E75BFC4AA}.Release|iPhoneSimulator.Deploy.0 = Release|iPhoneSimulator
		{625BE6EE-9F19-4D60-AD3B-7E3E75BFC4AA}.Release|x64.ActiveCfg = Release|iPhoneSimulator
		{625BE6EE-9F19-4D60-AD3B-7E3E75BFC4AA}.Release|x64.Build.0 = Release|iPhoneSimulator
		{625BE6EE-9F19-4D60-AD3B-7E3E75BFC4AA}.Release|x64.Deploy.0 = Release|iPhoneSimulator
		{625BE6EE-9F19-4D60-AD3B-7E3E75BFC4AA}.Release|x86.ActiveCfg = Release|iPhoneSimulator
		{625BE6EE-9F19-4D60-AD3B-7E3E75BFC4AA}.Release|x86.Build.0 = Release|iPhoneSimulator
		{625BE6EE-9F19-4D60-AD3B-7E3E75BFC4AA}.Release|x86.Deploy.0 = Release|iPhoneSimulator
		{5DC5FFE0-83CE-42B8-993B-0E50F9292D74}.Debug|Any CPU.ActiveCfg = Debug|Any CPU
		{5DC5FFE0-83CE-42B8-993B-0E50F9292D74}.Debug|Any CPU.Build.0 = Debug|Any CPU
		{5DC5FFE0-83CE-42B8-993B-0E50F9292D74}.Debug|Any CPU.Deploy.0 = Debug|Any CPU
		{5DC5FFE0-83CE-42B8-993B-0E50F9292D74}.Debug|ARM.ActiveCfg = Debug|Any CPU
		{5DC5FFE0-83CE-42B8-993B-0E50F9292D74}.Debug|ARM.Build.0 = Debug|Any CPU
		{5DC5FFE0-83CE-42B8-993B-0E50F9292D74}.Debug|ARM.Deploy.0 = Debug|Any CPU
		{5DC5FFE0-83CE-42B8-993B-0E50F9292D74}.Debug|iPhone.ActiveCfg = Debug|Any CPU
		{5DC5FFE0-83CE-42B8-993B-0E50F9292D74}.Debug|iPhone.Build.0 = Debug|Any CPU
		{5DC5FFE0-83CE-42B8-993B-0E50F9292D74}.Debug|iPhone.Deploy.0 = Debug|Any CPU
		{5DC5FFE0-83CE-42B8-993B-0E50F9292D74}.Debug|iPhoneSimulator.ActiveCfg = Debug|Any CPU
		{5DC5FFE0-83CE-42B8-993B-0E50F9292D74}.Debug|iPhoneSimulator.Build.0 = Debug|Any CPU
		{5DC5FFE0-83CE-42B8-993B-0E50F9292D74}.Debug|iPhoneSimulator.Deploy.0 = Debug|Any CPU
		{5DC5FFE0-83CE-42B8-993B-0E50F9292D74}.Debug|x64.ActiveCfg = Debug|Any CPU
		{5DC5FFE0-83CE-42B8-993B-0E50F9292D74}.Debug|x64.Build.0 = Debug|Any CPU
		{5DC5FFE0-83CE-42B8-993B-0E50F9292D74}.Debug|x64.Deploy.0 = Debug|Any CPU
		{5DC5FFE0-83CE-42B8-993B-0E50F9292D74}.Debug|x86.ActiveCfg = Debug|Any CPU
		{5DC5FFE0-83CE-42B8-993B-0E50F9292D74}.Debug|x86.Build.0 = Debug|Any CPU
		{5DC5FFE0-83CE-42B8-993B-0E50F9292D74}.Debug|x86.Deploy.0 = Debug|Any CPU
		{5DC5FFE0-83CE-42B8-993B-0E50F9292D74}.Release|Any CPU.ActiveCfg = Release|Any CPU
		{5DC5FFE0-83CE-42B8-993B-0E50F9292D74}.Release|Any CPU.Build.0 = Release|Any CPU
		{5DC5FFE0-83CE-42B8-993B-0E50F9292D74}.Release|Any CPU.Deploy.0 = Release|Any CPU
		{5DC5FFE0-83CE-42B8-993B-0E50F9292D74}.Release|ARM.ActiveCfg = Release|Any CPU
		{5DC5FFE0-83CE-42B8-993B-0E50F9292D74}.Release|ARM.Build.0 = Release|Any CPU
		{5DC5FFE0-83CE-42B8-993B-0E50F9292D74}.Release|ARM.Deploy.0 = Release|Any CPU
		{5DC5FFE0-83CE-42B8-993B-0E50F9292D74}.Release|iPhone.ActiveCfg = Release|Any CPU
		{5DC5FFE0-83CE-42B8-993B-0E50F9292D74}.Release|iPhone.Build.0 = Release|Any CPU
		{5DC5FFE0-83CE-42B8-993B-0E50F9292D74}.Release|iPhone.Deploy.0 = Release|Any CPU
		{5DC5FFE0-83CE-42B8-993B-0E50F9292D74}.Release|iPhoneSimulator.ActiveCfg = Release|Any CPU
		{5DC5FFE0-83CE-42B8-993B-0E50F9292D74}.Release|iPhoneSimulator.Build.0 = Release|Any CPU
		{5DC5FFE0-83CE-42B8-993B-0E50F9292D74}.Release|iPhoneSimulator.Deploy.0 = Release|Any CPU
		{5DC5FFE0-83CE-42B8-993B-0E50F9292D74}.Release|x64.ActiveCfg = Release|Any CPU
		{5DC5FFE0-83CE-42B8-993B-0E50F9292D74}.Release|x64.Build.0 = Release|Any CPU
		{5DC5FFE0-83CE-42B8-993B-0E50F9292D74}.Release|x64.Deploy.0 = Release|Any CPU
		{5DC5FFE0-83CE-42B8-993B-0E50F9292D74}.Release|x86.ActiveCfg = Release|Any CPU
		{5DC5FFE0-83CE-42B8-993B-0E50F9292D74}.Release|x86.Build.0 = Release|Any CPU
		{5DC5FFE0-83CE-42B8-993B-0E50F9292D74}.Release|x86.Deploy.0 = Release|Any CPU
	EndGlobalSection
	GlobalSection(SolutionProperties) = preSolution
		HideSolutionNode = FALSE
	EndGlobalSection
	GlobalSection(ExtensibilityGlobals) = postSolution
		SolutionGuid = {677BDDE8-3DC1-4E08-95F3-CBB91B96C514}
	EndGlobalSection
EndGlobal
